
Microsoft Visual Studio Solution File, Format Version 12.00
# Visual Studio Version 17
VisualStudioVersion = 17.8.34309.116
MinimumVisualStudioVersion = 10.0.40219.1
Project("{9A19103F-16F7-4668-BE54-9A1E7A4F7556}") = "TopazVideoLab.Project", "TopazVideoLab.Project\TopazVideoLab.Project.csproj", "{F7DDB757-1EDB-4C3D-AC52-DE98DFE1FF3A}"
EndProject
Project("{9A19103F-16F7-4668-BE54-9A1E7A4F7556}") = "TopazVideoLab2", "TopazVideoLab2\TopazVideoLab2.csproj", "{5E2EC98A-3FB1-4CA7-A501-F474AAE51985}"
EndProject
Project("{9A19103F-16F7-4668-BE54-9A1E7A4F7556}") = "Cybercraft.Common.Core", "Cybercraft.Common.Core\Cybercraft.Common.Core.csproj", "{EBEF63A8-4E9A-46EB-BB72-E8B43C91E22A}"
EndProject
Project("{9A19103F-16F7-4668-BE54-9A1E7A4F7556}") = "Cybercraft.Common.WinForms.Core", "Cybercraft.Common.WinForms.Core\Cybercraft.Common.WinForms.Core.csproj", "{20EA6A3B-6DC7-4615-8E45-F48905EE63E4}"
EndProject
Project("{9A19103F-16F7-4668-BE54-9A1E7A4F7556}") = "VideoProcessingLib.AviSynth", "VideoProcessingLib.AviSynth\VideoProcessingLib.AviSynth.csproj", "{EFEAC190-BD23-465D-B9D2-8DEAD3E11B99}"
EndProject
Project("{9A19103F-16F7-4668-BE54-9A1E7A4F7556}") = "VideoProcessingLib.VirtualDub", "VideoProcessingLib.VirtualDub\VideoProcessingLib.VirtualDub.csproj", "{5947154A-3091-4BD5-9CCD-20E11090ECBD}"
EndProject
Project("{9A19103F-16F7-4668-BE54-9A1E7A4F7556}") = "Pri.LongPath.Core", "Pri.LongPath.Core\Pri.LongPath.Core.csproj", "{4CC3CDD3-6EDA-4754-9113-1B724C00B4FF}"
EndProject
Global
	GlobalSection(SolutionConfigurationPlatforms) = preSolution
		Debug|Any CPU = Debug|Any CPU
		Release|Any CPU = Release|Any CPU
	EndGlobalSection
	GlobalSection(ProjectConfigurationPlatforms) = postSolution
		{F7DDB757-1EDB-4C3D-AC52-DE98DFE1FF3A}.Debug|Any CPU.ActiveCfg = Debug|Any CPU
		{F7DDB757-1EDB-4C3D-AC52-DE98DFE1FF3A}.Debug|Any CPU.Build.0 = Debug|Any CPU
		{F7DDB757-1EDB-4C3D-AC52-DE98DFE1FF3A}.Release|Any CPU.ActiveCfg = Release|Any CPU
		{F7DDB757-1EDB-4C3D-AC52-DE98DFE1FF3A}.Release|Any CPU.Build.0 = Release|Any CPU
		{5E2EC98A-3FB1-4CA7-A501-F474AAE51985}.Debug|Any CPU.ActiveCfg = Debug|Any CPU
		{5E2EC98A-3FB1-4CA7-A501-F474AAE51985}.Debug|Any CPU.Build.0 = Debug|Any CPU
		{5E2EC98A-3FB1-4CA7-A501-F474AAE51985}.Release|Any CPU.ActiveCfg = Release|Any CPU
		{5E2EC98A-3FB1-4CA7-A501-F474AAE51985}.Release|Any CPU.Build.0 = Release|Any CPU
		{EBEF63A8-4E9A-46EB-BB72-E8B43C91E22A}.Debug|Any CPU.ActiveCfg = Debug|Any CPU
		{EBEF63A8-4E9A-46EB-BB72-E8B43C91E22A}.Debug|Any CPU.Build.0 = Debug|Any CPU
		{EBEF63A8-4E9A-46EB-BB72-E8B43C91E22A}.Release|Any CPU.ActiveCfg = Release|Any CPU
		{EBEF63A8-4E9A-46EB-BB72-E8B43C91E22A}.Release|Any CPU.Build.0 = Release|Any CPU
		{20EA6A3B-6DC7-4615-8E45-F48905EE63E4}.Debug|Any CPU.ActiveCfg = Debug|Any CPU
		{20EA6A3B-6DC7-4615-8E45-F48905EE63E4}.Debug|Any CPU.Build.0 = Debug|Any CPU
		{20EA6A3B-6DC7-4615-8E45-F48905EE63E4}.Release|Any CPU.ActiveCfg = Release|Any CPU
		{20EA6A3B-6DC7-4615-8E45-F48905EE63E4}.Release|Any CPU.Build.0 = Release|Any CPU
		{EFEAC190-BD23-465D-B9D2-8DEAD3E11B99}.Debug|Any CPU.ActiveCfg = Debug|Any CPU
		{EFEAC190-BD23-465D-B9D2-8DEAD3E11B99}.Debug|Any CPU.Build.0 = Debug|Any CPU
		{EFEAC190-BD23-465D-B9D2-8DEAD3E11B99}.Release|Any CPU.ActiveCfg = Release|Any CPU
		{EFEAC190-BD23-465D-B9D2-8DEAD3E11B99}.Release|Any CPU.Build.0 = Release|Any CPU
		{5947154A-3091-4BD5-9CCD-20E11090ECBD}.Debug|Any CPU.ActiveCfg = Debug|Any CPU
		{5947154A-3091-4BD5-9CCD-20E11090ECBD}.Debug|Any CPU.Build.0 = Debug|Any CPU
		{5947154A-3091-4BD5-9CCD-20E11090ECBD}.Release|Any CPU.ActiveCfg = Release|Any CPU
		{5947154A-3091-4BD5-9CCD-20E11090ECBD}.Release|Any CPU.Build.0 = Release|Any CPU
		{4CC3CDD3-6EDA-4754-9113-1B724C00B4FF}.Debug|Any CPU.ActiveCfg = Debug|Any CPU
		{4CC3CDD3-6EDA-4754-9113-1B724C00B4FF}.Debug|Any CPU.Build.0 = Debug|Any CPU
		{4CC3CDD3-6EDA-4754-9113-1B724C00B4FF}.Release|Any CPU.ActiveCfg = Release|Any CPU
		{4CC3CDD3-6EDA-4754-9113-1B724C00B4FF}.Release|Any CPU.Build.0 = Release|Any CPU
	EndGlobalSection
	GlobalSection(SolutionProperties) = preSolution
		HideSolutionNode = FALSE
	EndGlobalSection
	GlobalSection(ExtensibilityGlobals) = postSolution
		SolutionGuid = {2DD79AC1-1291-4584-9D46-21DCA06468C8}
	EndGlobalSection
EndGlobal
