
Microsoft Visual Studio Solution File, Format Version 12.00
# Visual Studio Version 16
VisualStudioVersion = 16.0.32228.343
MinimumVisualStudioVersion = 10.0.40219.1
Project("{9A19103F-16F7-4668-BE54-9A1E7A4F7556}") = "TopazVideoLab.Project", "TopazVideoLab.Project\TopazVideoLab.Project.csproj", "{F7DDB757-1EDB-4C3D-AC52-DE98DFE1FF3A}"
EndProject
Project("{9A19103F-16F7-4668-BE54-9A1E7A4F7556}") = "VideoProcessingLib.AviSynth", "..\VideoProcessingLib\VideoProcessingLib.AviSynth\VideoProcessingLib.AviSynth.csproj", "{824C87A0-3712-45C6-B0B8-185C81D15A03}"
EndProject
Project("{9A19103F-16F7-4668-BE54-9A1E7A4F7556}") = "TopazVideoLab2", "TopazVideoLab2\TopazVideoLab2.csproj", "{5E2EC98A-3FB1-4CA7-A501-F474AAE51985}"
EndProject
Project("{9A19103F-16F7-4668-BE54-9A1E7A4F7556}") = "Cybercraft.Common.WinForms.Core", "..\Cybercraft.Common\Cybercraft.Common.WinForms.Core\Cybercraft.Common.WinForms.Core.csproj", "{21E45695-00CD-452D-B8ED-4924586D36A4}"
EndProject
Project("{9A19103F-16F7-4668-BE54-9A1E7A4F7556}") = "Cybercraft.Common.Core", "..\Cybercraft.Common\Cybercraft.Common.Core\Cybercraft.Common.Core.csproj", "{56166E4F-564E-49B7-8655-33796DBC0B3F}"
EndProject
Project("{9A19103F-16F7-4668-BE54-9A1E7A4F7556}") = "VideoProcessingLib.VirtualDub", "..\VideoProcessingLib\VideoProcessingLib.VirtualDub\VideoProcessingLib.VirtualDub.csproj", "{68FC590B-1945-4AB8-8855-4DDE7274E348}"
EndProject
Global
	GlobalSection(SolutionConfigurationPlatforms) = preSolution
		Debug|Any CPU = Debug|Any CPU
		Release|Any CPU = Release|Any CPU
	EndGlobalSection
	GlobalSection(ProjectConfigurationPlatforms) = postSolution
		{F7DDB757-1EDB-4C3D-AC52-DE98DFE1FF3A}.Debug|Any CPU.ActiveCfg = Debug|Any CPU
		{F7DDB757-1EDB-4C3D-AC52-DE98DFE1FF3A}.Debug|Any CPU.Build.0 = Debug|Any CPU
		{F7DDB757-1EDB-4C3D-AC52-DE98DFE1FF3A}.Release|Any CPU.ActiveCfg = Release|Any CPU
		{F7DDB757-1EDB-4C3D-AC52-DE98DFE1FF3A}.Release|Any CPU.Build.0 = Release|Any CPU
		{824C87A0-3712-45C6-B0B8-185C81D15A03}.Debug|Any CPU.ActiveCfg = Debug|Any CPU
		{824C87A0-3712-45C6-B0B8-185C81D15A03}.Debug|Any CPU.Build.0 = Debug|Any CPU
		{824C87A0-3712-45C6-B0B8-185C81D15A03}.Release|Any CPU.ActiveCfg = Release|Any CPU
		{824C87A0-3712-45C6-B0B8-185C81D15A03}.Release|Any CPU.Build.0 = Release|Any CPU
		{5E2EC98A-3FB1-4CA7-A501-F474AAE51985}.Debug|Any CPU.ActiveCfg = Debug|Any CPU
		{5E2EC98A-3FB1-4CA7-A501-F474AAE51985}.Debug|Any CPU.Build.0 = Debug|Any CPU
		{5E2EC98A-3FB1-4CA7-A501-F474AAE51985}.Release|Any CPU.ActiveCfg = Release|Any CPU
		{5E2EC98A-3FB1-4CA7-A501-F474AAE51985}.Release|Any CPU.Build.0 = Release|Any CPU
		{21E45695-00CD-452D-B8ED-4924586D36A4}.Debug|Any CPU.ActiveCfg = Debug|Any CPU
		{21E45695-00CD-452D-B8ED-4924586D36A4}.Debug|Any CPU.Build.0 = Debug|Any CPU
		{21E45695-00CD-452D-B8ED-4924586D36A4}.Release|Any CPU.ActiveCfg = Release|Any CPU
		{21E45695-00CD-452D-B8ED-4924586D36A4}.Release|Any CPU.Build.0 = Release|Any CPU
		{56166E4F-564E-49B7-8655-33796DBC0B3F}.Debug|Any CPU.ActiveCfg = Debug|Any CPU
		{56166E4F-564E-49B7-8655-33796DBC0B3F}.Debug|Any CPU.Build.0 = Debug|Any CPU
		{56166E4F-564E-49B7-8655-33796DBC0B3F}.Release|Any CPU.ActiveCfg = Release|Any CPU
		{56166E4F-564E-49B7-8655-33796DBC0B3F}.Release|Any CPU.Build.0 = Release|Any CPU
		{68FC590B-1945-4AB8-8855-4DDE7274E348}.Debug|Any CPU.ActiveCfg = Debug|Any CPU
		{68FC590B-1945-4AB8-8855-4DDE7274E348}.Debug|Any CPU.Build.0 = Debug|Any CPU
		{68FC590B-1945-4AB8-8855-4DDE7274E348}.Release|Any CPU.ActiveCfg = Release|Any CPU
		{68FC590B-1945-4AB8-8855-4DDE7274E348}.Release|Any CPU.Build.0 = Release|Any CPU
	EndGlobalSection
	GlobalSection(SolutionProperties) = preSolution
		HideSolutionNode = FALSE
	EndGlobalSection
	GlobalSection(ExtensibilityGlobals) = postSolution
		SolutionGuid = {2DD79AC1-1291-4584-9D46-21DCA06468C8}
	EndGlobalSection
	GlobalSection(TeamFoundationVersionControl) = preSolution
		SccNumberOfProjects = 7
		SccEnterpriseProvider = {4CA58AB2-18FA-4F8D-95D4-32DDF27D184C}
		SccTeamFoundationServer = http://tfs:8080/tfs/defaultcollection
		SccLocalPath0 = .
		SccProjectUniqueName1 = ..\\VideoProcessingLib\\VideoProcessingLib.AviSynth\\VideoProcessingLib.AviSynth.csproj
		SccProjectName1 = ../VideoProcessingLib/VideoProcessingLib.AviSynth
		SccLocalPath1 = ..\\VideoProcessingLib\\VideoProcessingLib.AviSynth
		SccProjectUniqueName2 = ..\\Cybercraft.Common\\Cybercraft.Common.WinForms.Core\\Cybercraft.Common.WinForms.Core.csproj
		SccProjectName2 = ../Cybercraft.Common/Cybercraft.Common.WinForms.Core
		SccLocalPath2 = ..\\Cybercraft.Common\\Cybercraft.Common.WinForms.Core
		SccProjectUniqueName3 = TopazVideoLab.Project\\TopazVideoLab.Project.csproj
		SccProjectName3 = TopazVideoLab.Project
		SccLocalPath3 = TopazVideoLab.Project
		SccProjectUniqueName4 = TopazVideoLab2\\TopazVideoLab2.csproj
		SccProjectName4 = TopazVideoLab2
		SccLocalPath4 = TopazVideoLab2
		SccProjectUniqueName5 = ..\\Cybercraft.Common\\Cybercraft.Common.Core\\Cybercraft.Common.Core.csproj
		SccProjectName5 = ../Cybercraft.Common/Cybercraft.Common.Core
		SccLocalPath5 = ..\\Cybercraft.Common\\Cybercraft.Common.Core
		SccProjectUniqueName6 = ..\\VideoProcessingLib\\VideoProcessingLib.VirtualDub\\VideoProcessingLib.VirtualDub.csproj
		SccProjectName6 = ../VideoProcessingLib/VideoProcessingLib.VirtualDub
		SccLocalPath6 = ..\\VideoProcessingLib\\VideoProcessingLib.VirtualDub
	EndGlobalSection
EndGlobal
